# THIS IS AN AUTOGENERATED FILE. DO NOT EDIT THIS FILE DIRECTLY.
# yarn lockfile v1


"@graphprotocol/graph-ts@^0.31.0":
  version "0.31.0"
  resolved "https://registry.yarnpkg.com/@graphprotocol/graph-ts/-/graph-ts-0.31.0.tgz#730668c0369828b31bef81e8d9bc66b9b48e3480"
  integrity sha512-xreRVM6ho2BtolyOh2flDkNoGZximybnzUnF53zJVp0+Ed0KnAlO1/KOCUYw06euVI9tk0c9nA2Z/D5SIQV2Rg==
  dependencies:
    assemblyscript "0.19.10"

assemblyscript@0.19.10:
  version "0.19.10"
  resolved "https://registry.yarnpkg.com/assemblyscript/-/assemblyscript-0.19.10.tgz#7ede6d99c797a219beb4fa4614c3eab9e6343c8e"
  integrity sha512-HavcUBXB3mBTRGJcpvaQjmnmaqKHBGREjSPNsIvnAk2f9dj78y4BkMaSSdvBQYWcDDzsHQjyUC8stICFkD1Odg==
  dependencies:
    binaryen "101.0.0-nightly.20210723"
    long "^4.0.0"

binaryen@101.0.0-nightly.20210723:
  version "101.0.0-nightly.20210723"
  resolved "https://registry.yarnpkg.com/binaryen/-/binaryen-101.0.0-nightly.20210723.tgz#b6bb7f3501341727681a03866c0856500eec3740"
  integrity sha512-eioJNqhHlkguVSbblHOtLqlhtC882SOEPKmNFZaDuz1hzQjolxZ+eu3/kaS10n3sGPONsIZsO7R9fR00UyhEUA==

long@^4.0.0:
  version "4.0.0"
  resolved "https://registry.yarnpkg.com/long/-/long-4.0.0.tgz#9a7b71cfb7d361a194ea555241c92f7468d5bf28"
  integrity sha512-XsP+KhQif4bjX1kbuSiySJFNAehNxgLb6hPRGJ9QsUr8ajHkuXGdrHmFUTUUXhDwVX2R5bY4JNZEwbUiMhV+MA==

matchstick-as@^0.6.0:
  version "0.6.0"
  resolved "https://registry.yarnpkg.com/matchstick-as/-/matchstick-as-0.6.0.tgz#c65296b1f51b1014d605c52067d9b5321ea630e8"
  integrity sha512-E36fWsC1AbCkBFt05VsDDRoFvGSdcZg6oZJrtIe/YDBbuFh8SKbR5FcoqDhNWqSN+F7bN/iS2u8Md0SM+4pUpw==
  dependencies:
    wabt "1.0.24"

wabt@1.0.24:
  version "1.0.24"
  resolved "https://registry.yarnpkg.com/wabt/-/wabt-1.0.24.tgz#c02e0b5b4503b94feaf4a30a426ef01c1bea7c6c"
  integrity sha512-8l7sIOd3i5GWfTWciPL0+ff/FK/deVK2Q6FN+MPz4vfUcD78i2M/49XJTwF6aml91uIiuXJEsLKWMB2cw/mtKg==
